
Microsoft Visual Studio Solution File, Format Version 12.00
# Visual Studio 15
Project("{FAE04EC0-301F-11D3-BF4B-00C04F79EFBC}") = "Assembly-CSharp", "Assembly-CSharp.csproj", "{BE744D15-C65F-682C-C4E5-428EC5832A75}"
EndProject
Project("{FAE04EC0-301F-11D3-BF4B-00C04F79EFBC}") = "Assembly-CSharp-Editor", "Assembly-CSharp-Editor.csproj", "{681A97D2-143C-FFF2-EEB9-C8FEF544E27F}"
EndProject
Global
	GlobalSection(SolutionConfigurationPlatforms) = preSolution
		Debug|Any CPU = Debug|Any CPU
		Release|Any CPU = Release|Any CPU
	EndGlobalSection
	GlobalSection(ProjectConfigurationPlatforms) = postSolution
		{BE744D15-C65F-682C-C4E5-428EC5832A75}.Debug|Any CPU.ActiveCfg = Debug|Any CPU
		{BE744D15-C65F-682C-C4E5-428EC5832A75}.Debug|Any CPU.Build.0 = Debug|Any CPU
		{BE744D15-C65F-682C-C4E5-428EC5832A75}.Release|Any CPU.ActiveCfg = Release|Any CPU
		{BE744D15-C65F-682C-C4E5-428EC5832A75}.Release|Any CPU.Build.0 = Release|Any CPU
		{681A97D2-143C-FFF2-EEB9-C8FEF544E27F}.Debug|Any CPU.ActiveCfg = Debug|Any CPU
		{681A97D2-143C-FFF2-EEB9-C8FEF544E27F}.Debug|Any CPU.Build.0 = Debug|Any CPU
		{681A97D2-143C-FFF2-EEB9-C8FEF544E27F}.Release|Any CPU.ActiveCfg = Release|Any CPU
		{681A97D2-143C-FFF2-EEB9-C8FEF544E27F}.Release|Any CPU.Build.0 = Release|Any CPU
	EndGlobalSection
	GlobalSection(SolutionProperties) = preSolution
		HideSolutionNode = FALSE
	EndGlobalSection
EndGlobal
